
Microsoft Visual Studio Solution File, Format Version 12.00
# Visual Studio Version 16
VisualStudioVersion = 16.0.30804.86
MinimumVisualStudioVersion = 10.0.40219.1
Project("{9A19103F-16F7-4668-BE54-9A1E7A4F7556}") = "BootcampFinal", "BootcampFinal\BootcampFinal.csproj", "{EAF0BDAB-B84F-493D-BB15-CF72725CED72}"
EndProject
Project("{FAE04EC0-301F-11D3-BF4B-00C04F79EFBC}") = "CreditCardService", "CreditCardService\CreditCardService.csproj", "{8AB6D6C2-A503-410B-B7F0-792651884A6E}"
EndProject
Global
	GlobalSection(SolutionConfigurationPlatforms) = preSolution
		Debug|Any CPU = Debug|Any CPU
		Release|Any CPU = Release|Any CPU
	EndGlobalSection
	GlobalSection(ProjectConfigurationPlatforms) = postSolution
		{EAF0BDAB-B84F-493D-BB15-CF72725CED72}.Debug|Any CPU.ActiveCfg = Debug|Any CPU
		{EAF0BDAB-B84F-493D-BB15-CF72725CED72}.Debug|Any CPU.Build.0 = Debug|Any CPU
		{EAF0BDAB-B84F-493D-BB15-CF72725CED72}.Release|Any CPU.ActiveCfg = Release|Any CPU
		{EAF0BDAB-B84F-493D-BB15-CF72725CED72}.Release|Any CPU.Build.0 = Release|Any CPU
		{8AB6D6C2-A503-410B-B7F0-792651884A6E}.Debug|Any CPU.ActiveCfg = Debug|Any CPU
		{8AB6D6C2-A503-410B-B7F0-792651884A6E}.Debug|Any CPU.Build.0 = Debug|Any CPU
		{8AB6D6C2-A503-410B-B7F0-792651884A6E}.Release|Any CPU.ActiveCfg = Release|Any CPU
		{8AB6D6C2-A503-410B-B7F0-792651884A6E}.Release|Any CPU.Build.0 = Release|Any CPU
	EndGlobalSection
	GlobalSection(SolutionProperties) = preSolution
		HideSolutionNode = FALSE
	EndGlobalSection
	GlobalSection(ExtensibilityGlobals) = postSolution
		SolutionGuid = {22B5CC31-688C-4004-92EA-181FC1BC1A0D}
	EndGlobalSection
EndGlobal
